
Microsoft Visual Studio Solution File, Format Version 12.00
# Visual Studio Version 17
VisualStudioVersion = 17.0.31903.59
MinimumVisualStudioVersion = 10.0.40219.1
Project("{2150E333-8FDC-42A3-9474-1A3956D46DE8}") = "Core", "Core", "{FBF56CC3-7AE6-AD2D-3F14-7F97FD322CD6}"
EndProject
Project("{2150E333-8FDC-42A3-9474-1A3956D46DE8}") = "Domain", "Domain", "{BF9E48C0-540A-8659-238F-508DAA36C929}"
EndProject
Project("{FAE04EC0-301F-11D3-BF4B-00C04F79EFBC}") = "LexiFlow.Domain", "Core\Domain\LexiFlow.Domain.csproj", "{0BF3C29B-E72D-4747-8BE7-5DE414757D16}"
EndProject
Project("{2150E333-8FDC-42A3-9474-1A3956D46DE8}") = "Application", "Application", "{E12A579A-FC4D-036E-FC04-65A50936A0DE}"
EndProject
Project("{FAE04EC0-301F-11D3-BF4B-00C04F79EFBC}") = "LexiFlow.Application", "Core\Application\LexiFlow.Application.csproj", "{37EAEFE1-1458-4D84-BC27-7EAD5E2C5931}"
EndProject
Project("{2150E333-8FDC-42A3-9474-1A3956D46DE8}") = "Infrastructure", "Infrastructure", "{DFEE68D8-A7D0-1A41-506C-9B74AA9A7B7B}"
EndProject
Project("{FAE04EC0-301F-11D3-BF4B-00C04F79EFBC}") = "LexiFlow.Infrastructure", "Infrastructure\LexiFlow.Infrastructure.csproj", "{980D3E44-0749-432D-B4C6-655FE8B8E95F}"
EndProject
Project("{2150E333-8FDC-42A3-9474-1A3956D46DE8}") = "WebApi", "WebApi", "{6EDC7094-E22D-CF10-605B-B42C7FB8B0A8}"
EndProject
Project("{FAE04EC0-301F-11D3-BF4B-00C04F79EFBC}") = "LexiFlow.WebApi", "WebApi\LexiFlow.WebApi.csproj", "{95D35AB7-E499-41F9-9745-79652D9A3D7A}"
EndProject
Global
	GlobalSection(SolutionConfigurationPlatforms) = preSolution
		Debug|Any CPU = Debug|Any CPU
		Debug|x64 = Debug|x64
		Debug|x86 = Debug|x86
		Release|Any CPU = Release|Any CPU
		Release|x64 = Release|x64
		Release|x86 = Release|x86
	EndGlobalSection
	GlobalSection(ProjectConfigurationPlatforms) = postSolution
		{0BF3C29B-E72D-4747-8BE7-5DE414757D16}.Debug|Any CPU.ActiveCfg = Debug|Any CPU
		{0BF3C29B-E72D-4747-8BE7-5DE414757D16}.Debug|Any CPU.Build.0 = Debug|Any CPU
		{0BF3C29B-E72D-4747-8BE7-5DE414757D16}.Debug|x64.ActiveCfg = Debug|Any CPU
		{0BF3C29B-E72D-4747-8BE7-5DE414757D16}.Debug|x64.Build.0 = Debug|Any CPU
		{0BF3C29B-E72D-4747-8BE7-5DE414757D16}.Debug|x86.ActiveCfg = Debug|Any CPU
		{0BF3C29B-E72D-4747-8BE7-5DE414757D16}.Debug|x86.Build.0 = Debug|Any CPU
		{0BF3C29B-E72D-4747-8BE7-5DE414757D16}.Release|Any CPU.ActiveCfg = Release|Any CPU
		{0BF3C29B-E72D-4747-8BE7-5DE414757D16}.Release|Any CPU.Build.0 = Release|Any CPU
		{0BF3C29B-E72D-4747-8BE7-5DE414757D16}.Release|x64.ActiveCfg = Release|Any CPU
		{0BF3C29B-E72D-4747-8BE7-5DE414757D16}.Release|x64.Build.0 = Release|Any CPU
		{0BF3C29B-E72D-4747-8BE7-5DE414757D16}.Release|x86.ActiveCfg = Release|Any CPU
		{0BF3C29B-E72D-4747-8BE7-5DE414757D16}.Release|x86.Build.0 = Release|Any CPU
		{37EAEFE1-1458-4D84-BC27-7EAD5E2C5931}.Debug|Any CPU.ActiveCfg = Debug|Any CPU
		{37EAEFE1-1458-4D84-BC27-7EAD5E2C5931}.Debug|Any CPU.Build.0 = Debug|Any CPU
		{37EAEFE1-1458-4D84-BC27-7EAD5E2C5931}.Debug|x64.ActiveCfg = Debug|Any CPU
		{37EAEFE1-1458-4D84-BC27-7EAD5E2C5931}.Debug|x64.Build.0 = Debug|Any CPU
		{37EAEFE1-1458-4D84-BC27-7EAD5E2C5931}.Debug|x86.ActiveCfg = Debug|Any CPU
		{37EAEFE1-1458-4D84-BC27-7EAD5E2C5931}.Debug|x86.Build.0 = Debug|Any CPU
		{37EAEFE1-1458-4D84-BC27-7EAD5E2C5931}.Release|Any CPU.ActiveCfg = Release|Any CPU
		{37EAEFE1-1458-4D84-BC27-7EAD5E2C5931}.Release|Any CPU.Build.0 = Release|Any CPU
		{37EAEFE1-1458-4D84-BC27-7EAD5E2C5931}.Release|x64.ActiveCfg = Release|Any CPU
		{37EAEFE1-1458-4D84-BC27-7EAD5E2C5931}.Release|x64.Build.0 = Release|Any CPU
		{37EAEFE1-1458-4D84-BC27-7EAD5E2C5931}.Release|x86.ActiveCfg = Release|Any CPU
		{37EAEFE1-1458-4D84-BC27-7EAD5E2C5931}.Release|x86.Build.0 = Release|Any CPU
		{980D3E44-0749-432D-B4C6-655FE8B8E95F}.Debug|Any CPU.ActiveCfg = Debug|Any CPU
		{980D3E44-0749-432D-B4C6-655FE8B8E95F}.Debug|Any CPU.Build.0 = Debug|Any CPU
		{980D3E44-0749-432D-B4C6-655FE8B8E95F}.Debug|x64.ActiveCfg = Debug|Any CPU
		{980D3E44-0749-432D-B4C6-655FE8B8E95F}.Debug|x64.Build.0 = Debug|Any CPU
		{980D3E44-0749-432D-B4C6-655FE8B8E95F}.Debug|x86.ActiveCfg = Debug|Any CPU
		{980D3E44-0749-432D-B4C6-655FE8B8E95F}.Debug|x86.Build.0 = Debug|Any CPU
		{980D3E44-0749-432D-B4C6-655FE8B8E95F}.Release|Any CPU.ActiveCfg = Release|Any CPU
		{980D3E44-0749-432D-B4C6-655FE8B8E95F}.Release|Any CPU.Build.0 = Release|Any CPU
		{980D3E44-0749-432D-B4C6-655FE8B8E95F}.Release|x64.ActiveCfg = Release|Any CPU
		{980D3E44-0749-432D-B4C6-655FE8B8E95F}.Release|x64.Build.0 = Release|Any CPU
		{980D3E44-0749-432D-B4C6-655FE8B8E95F}.Release|x86.ActiveCfg = Release|Any CPU
		{980D3E44-0749-432D-B4C6-655FE8B8E95F}.Release|x86.Build.0 = Release|Any CPU
		{95D35AB7-E499-41F9-9745-79652D9A3D7A}.Debug|Any CPU.ActiveCfg = Debug|Any CPU
		{95D35AB7-E499-41F9-9745-79652D9A3D7A}.Debug|Any CPU.Build.0 = Debug|Any CPU
		{95D35AB7-E499-41F9-9745-79652D9A3D7A}.Debug|x64.ActiveCfg = Debug|Any CPU
		{95D35AB7-E499-41F9-9745-79652D9A3D7A}.Debug|x64.Build.0 = Debug|Any CPU
		{95D35AB7-E499-41F9-9745-79652D9A3D7A}.Debug|x86.ActiveCfg = Debug|Any CPU
		{95D35AB7-E499-41F9-9745-79652D9A3D7A}.Debug|x86.Build.0 = Debug|Any CPU
		{95D35AB7-E499-41F9-9745-79652D9A3D7A}.Release|Any CPU.ActiveCfg = Release|Any CPU
		{95D35AB7-E499-41F9-9745-79652D9A3D7A}.Release|Any CPU.Build.0 = Release|Any CPU
		{95D35AB7-E499-41F9-9745-79652D9A3D7A}.Release|x64.ActiveCfg = Release|Any CPU
		{95D35AB7-E499-41F9-9745-79652D9A3D7A}.Release|x64.Build.0 = Release|Any CPU
		{95D35AB7-E499-41F9-9745-79652D9A3D7A}.Release|x86.ActiveCfg = Release|Any CPU
		{95D35AB7-E499-41F9-9745-79652D9A3D7A}.Release|x86.Build.0 = Release|Any CPU
	EndGlobalSection
	GlobalSection(SolutionProperties) = preSolution
		HideSolutionNode = FALSE
	EndGlobalSection
	GlobalSection(NestedProjects) = preSolution
		{BF9E48C0-540A-8659-238F-508DAA36C929} = {FBF56CC3-7AE6-AD2D-3F14-7F97FD322CD6}
		{0BF3C29B-E72D-4747-8BE7-5DE414757D16} = {BF9E48C0-540A-8659-238F-508DAA36C929}
		{E12A579A-FC4D-036E-FC04-65A50936A0DE} = {FBF56CC3-7AE6-AD2D-3F14-7F97FD322CD6}
		{37EAEFE1-1458-4D84-BC27-7EAD5E2C5931} = {E12A579A-FC4D-036E-FC04-65A50936A0DE}
		{980D3E44-0749-432D-B4C6-655FE8B8E95F} = {DFEE68D8-A7D0-1A41-506C-9B74AA9A7B7B}
		{95D35AB7-E499-41F9-9745-79652D9A3D7A} = {6EDC7094-E22D-CF10-605B-B42C7FB8B0A8}
	EndGlobalSection
EndGlobal
